// !$*UTF8*$!
{
	archiveVersion = 1;
	classes = {
	};
	objectVersion = 55;
	objects = {

/* Begin PBXBuildFile section */
		0280FE1728BCD1E800B6B791 /* AppDelegate.swift in Sources */ = {isa = PBXBuildFile; fileRef = 0280FE1628BCD1E800B6B791 /* AppDelegate.swift */; };
		0280FE1928BCD1E800B6B791 /* SceneDelegate.swift in Sources */ = {isa = PBXBuildFile; fileRef = 0280FE1828BCD1E800B6B791 /* SceneDelegate.swift */; };
		0280FE1B28BCD1E800B6B791 /* ViewController.swift in Sources */ = {isa = PBXBuildFile; fileRef = 0280FE1A28BCD1E800B6B791 /* ViewController.swift */; };
		0280FE1E28BCD1E900B6B791 /* Main.storyboard in Resources */ = {isa = PBXBuildFile; fileRef = 0280FE1C28BCD1E900B6B791 /* Main.storyboard */; };
		0280FE2028BCD1ED00B6B791 /* Assets.xcassets in Resources */ = {isa = PBXBuildFile; fileRef = 0280FE1F28BCD1ED00B6B791 /* Assets.xcassets */; };
		0280FE2328BCD1ED00B6B791 /* LaunchScreen.storyboard in Resources */ = {isa = PBXBuildFile; fileRef = 0280FE2128BCD1ED00B6B791 /* LaunchScreen.storyboard */; };
		0280FE2E28BCD31D00B6B791 /* section.swift in Sources */ = {isa = PBXBuildFile; fileRef = 0280FE2D28BCD31D00B6B791 /* section.swift */; };
		0280FE3028BCD3EC00B6B791 /* ColorModel.swift in Sources */ = {isa = PBXBuildFile; fileRef = 0280FE2F28BCD3EC00B6B791 /* ColorModel.swift */; };
		0280FE3328BCD7EF00B6B791 /* ColorCell.swift in Sources */ = {isa = PBXBuildFile; fileRef = 0280FE3228BCD7EF00B6B791 /* ColorCell.swift */; };
		0280FE3528BCD83B00B6B791 /* RoundedCornersCollectionCell.swift in Sources */ = {isa = PBXBuildFile; fileRef = 0280FE3428BCD83B00B6B791 /* RoundedCornersCollectionCell.swift */; };
		0280FE3828BCDFFF00B6B791 /* Datasource.swift in Sources */ = {isa = PBXBuildFile; fileRef = 0280FE3728BCDFFF00B6B791 /* Datasource.swift */; };
		0280FE3B28BCE1BA00B6B791 /* ColorCollectionViewDelegate.swift in Sources */ = {isa = PBXBuildFile; fileRef = 0280FE3A28BCE1BA00B6B791 /* ColorCollectionViewDelegate.swift */; };
/* End PBXBuildFile section */

/* Begin PBXFileReference section */
		0280FE1328BCD1E800B6B791 /* ColorsMultipleSections.app */ = {isa = PBXFileReference; explicitFileType = wrapper.application; includeInIndex = 0; path = ColorsMultipleSections.app; sourceTree = BUILT_PRODUCTS_DIR; };
		0280FE1628BCD1E800B6B791 /* AppDelegate.swift */ = {isa = PBXFileReference; lastKnownFileType = sourcecode.swift; path = AppDelegate.swift; sourceTree = "<group>"; };
		0280FE1828BCD1E800B6B791 /* SceneDelegate.swift */ = {isa = PBXFileReference; lastKnownFileType = sourcecode.swift; path = SceneDelegate.swift; sourceTree = "<group>"; };
		0280FE1A28BCD1E800B6B791 /* ViewController.swift */ = {isa = PBXFileReference; lastKnownFileType = sourcecode.swift; path = ViewController.swift; sourceTree = "<group>"; };
		0280FE1D28BCD1E900B6B791 /* Base */ = {isa = PBXFileReference; lastKnownFileType = file.storyboard; name = Base; path = Base.lproj/Main.storyboard; sourceTree = "<group>"; };
		0280FE1F28BCD1ED00B6B791 /* Assets.xcassets */ = {isa = PBXFileReference; lastKnownFileType = folder.assetcatalog; path = Assets.xcassets; sourceTree = "<group>"; };
		0280FE2228BCD1ED00B6B791 /* Base */ = {isa = PBXFileReference; lastKnownFileType = file.storyboard; name = Base; path = Base.lproj/LaunchScreen.storyboard; sourceTree = "<group>"; };
		0280FE2428BCD1ED00B6B791 /* Info.plist */ = {isa = PBXFileReference; lastKnownFileType = text.plist.xml; path = Info.plist; sourceTree = "<group>"; };
		0280FE2D28BCD31D00B6B791 /* section.swift */ = {isa = PBXFileReference; lastKnownFileType = sourcecode.swift; path = section.swift; sourceTree = "<group>"; };
		0280FE2F28BCD3EC00B6B791 /* ColorModel.swift */ = {isa = PBXFileReference; lastKnownFileType = sourcecode.swift; path = ColorModel.swift; sourceTree = "<group>"; };
		0280FE3228BCD7EF00B6B791 /* ColorCell.swift */ = {isa = PBXFileReference; lastKnownFileType = sourcecode.swift; path = ColorCell.swift; sourceTree = "<group>"; };
		0280FE3428BCD83B00B6B791 /* RoundedCornersCollectionCell.swift */ = {isa = PBXFileReference; lastKnownFileType = sourcecode.swift; path = RoundedCornersCollectionCell.swift; sourceTree = "<group>"; };
		0280FE3728BCDFFF00B6B791 /* Datasource.swift */ = {isa = PBXFileReference; lastKnownFileType = sourcecode.swift; path = Datasource.swift; sourceTree = "<group>"; };
		0280FE3A28BCE1BA00B6B791 /* ColorCollectionViewDelegate.swift */ = {isa = PBXFileReference; lastKnownFileType = sourcecode.swift; path = ColorCollectionViewDelegate.swift; sourceTree = "<group>"; };
/* End PBXFileReference section */

/* Begin PBXFrameworksBuildPhase section */
		0280FE1028BCD1E800B6B791 /* Frameworks */ = {
			isa = PBXFrameworksBuildPhase;
			buildActionMask = 2147483647;
			files = (
			);
			runOnlyForDeploymentPostprocessing = 0;
		};
/* End PBXFrameworksBuildPhase section */

/* Begin PBXGroup section */
		0280FE0A28BCD1E800B6B791 = {
			isa = PBXGroup;
			children = (
				0280FE1528BCD1E800B6B791 /* ColorsMultipleSections */,
				0280FE1428BCD1E800B6B791 /* Products */,
			);
			sourceTree = "<group>";
		};
		0280FE1428BCD1E800B6B791 /* Products */ = {
			isa = PBXGroup;
			children = (
				0280FE1328BCD1E800B6B791 /* ColorsMultipleSections.app */,
			);
			name = Products;
			sourceTree = "<group>";
		};
		0280FE1528BCD1E800B6B791 /* ColorsMultipleSections */ = {
			isa = PBXGroup;
			children = (
				0280FE3928BCE18400B6B791 /* Delegate */,
				0280FE3628BCDFD700B6B791 /* DataSource */,
				0280FE2C28BCD2E500B6B791 /* Model */,
				0280FE2B28BCD2D900B6B791 /* ViewControllers */,
				0280FE2A28BCD2D100B6B791 /* Views */,
				0280FE1628BCD1E800B6B791 /* AppDelegate.swift */,
				0280FE1828BCD1E800B6B791 /* SceneDelegate.swift */,
				0280FE1F28BCD1ED00B6B791 /* Assets.xcassets */,
				0280FE2128BCD1ED00B6B791 /* LaunchScreen.storyboard */,
				0280FE2428BCD1ED00B6B791 /* Info.plist */,
			);
			path = ColorsMultipleSections;
			sourceTree = "<group>";
		};
		0280FE2A28BCD2D100B6B791 /* Views */ = {
			isa = PBXGroup;
			children = (
				0280FE1C28BCD1E900B6B791 /* Main.storyboard */,
			);
			name = Views;
			sourceTree = "<group>";
		};
		0280FE2B28BCD2D900B6B791 /* ViewControllers */ = {
			isa = PBXGroup;
			children = (
				0280FE3128BCD7DE00B6B791 /* Cells */,
				0280FE1A28BCD1E800B6B791 /* ViewController.swift */,
			);
			path = ViewControllers;
			sourceTree = "<group>";
		};
		0280FE2C28BCD2E500B6B791 /* Model */ = {
			isa = PBXGroup;
			children = (
				0280FE2D28BCD31D00B6B791 /* section.swift */,
				0280FE2F28BCD3EC00B6B791 /* ColorModel.swift */,
			);
			name = Model;
			sourceTree = "<group>";
		};
		0280FE3128BCD7DE00B6B791 /* Cells */ = {
			isa = PBXGroup;
			children = (
				0280FE3228BCD7EF00B6B791 /* ColorCell.swift */,
				0280FE3428BCD83B00B6B791 /* RoundedCornersCollectionCell.swift */,
			);
			name = Cells;
			sourceTree = "<group>";
		};
		0280FE3628BCDFD700B6B791 /* DataSource */ = {
			isa = PBXGroup;
			children = (
				0280FE3728BCDFFF00B6B791 /* Datasource.swift */,
			);
			path = DataSource;
			sourceTree = "<group>";
		};
		0280FE3928BCE18400B6B791 /* Delegate */ = {
			isa = PBXGroup;
			children = (
				0280FE3A28BCE1BA00B6B791 /* ColorCollectionViewDelegate.swift */,
			);
			name = Delegate;
			sourceTree = "<group>";
		};
/* End PBXGroup section */

/* Begin PBXNativeTarget section */
		0280FE1228BCD1E800B6B791 /* ColorsMultipleSections */ = {
			isa = PBXNativeTarget;
			buildConfigurationList = 0280FE2728BCD1ED00B6B791 /* Build configuration list for PBXNativeTarget "ColorsMultipleSections" */;
			buildPhases = (
				0280FE0F28BCD1E800B6B791 /* Sources */,
				0280FE1028BCD1E800B6B791 /* Frameworks */,
				0280FE1128BCD1E800B6B791 /* Resources */,
			);
			buildRules = (
			);
			dependencies = (
			);
			name = ColorsMultipleSections;
			productName = ColorsMultipleSections;
			productReference = 0280FE1328BCD1E800B6B791 /* ColorsMultipleSections.app */;
			productType = "com.apple.product-type.application";
		};
/* End PBXNativeTarget section */

/* Begin PBXProject section */
		0280FE0B28BCD1E800B6B791 /* Project object */ = {
			isa = PBXProject;
			attributes = {
				BuildIndependentTargetsInParallel = 1;
				LastSwiftUpdateCheck = 1330;
				LastUpgradeCheck = 1330;
				TargetAttributes = {
					0280FE1228BCD1E800B6B791 = {
						CreatedOnToolsVersion = 13.3;
					};
				};
			};
			buildConfigurationList = 0280FE0E28BCD1E800B6B791 /* Build configuration list for PBXProject "ColorsMultipleSections" */;
			compatibilityVersion = "Xcode 13.0";
			developmentRegion = en;
			hasScannedForEncodings = 0;
			knownRegions = (
				en,
				Base,
			);
			mainGroup = 0280FE0A28BCD1E800B6B791;
			productRefGroup = 0280FE1428BCD1E800B6B791 /* Products */;
			projectDirPath = "";
			projectRoot = "";
			targets = (
				0280FE1228BCD1E800B6B791 /* ColorsMultipleSections */,
			);
		};
/* End PBXProject section */

/* Begin PBXResourcesBuildPhase section */
		0280FE1128BCD1E800B6B791 /* Resources */ = {
			isa = PBXResourcesBuildPhase;
			buildActionMask = 2147483647;
			files = (
				0280FE2328BCD1ED00B6B791 /* LaunchScreen.storyboard in Resources */,
				0280FE2028BCD1ED00B6B791 /* Assets.xcassets in Resources */,
				0280FE1E28BCD1E900B6B791 /* Main.storyboard in Resources */,
			);
			runOnlyForDeploymentPostprocessing = 0;
		};
/* End PBXResourcesBuildPhase section */

/* Begin PBXSourcesBuildPhase section */
		0280FE0F28BCD1E800B6B791 /* Sources */ = {
			isa = PBXSourcesBuildPhase;
			buildActionMask = 2147483647;
			files = (
				0280FE1B28BCD1E800B6B791 /* ViewController.swift in Sources */,
				0280FE2E28BCD31D00B6B791 /* section.swift in Sources */,
				0280FE1728BCD1E800B6B791 /* AppDelegate.swift in Sources */,
				0280FE1928BCD1E800B6B791 /* SceneDelegate.swift in Sources */,
				0280FE3028BCD3EC00B6B791 /* ColorModel.swift in Sources */,
				0280FE3328BCD7EF00B6B791 /* ColorCell.swift in Sources */,
				0280FE3828BCDFFF00B6B791 /* Datasource.swift in Sources */,
				0280FE3B28BCE1BA00B6B791 /* ColorCollectionViewDelegate.swift in Sources */,
				0280FE3528BCD83B00B6B791 /* RoundedCornersCollectionCell.swift in Sources */,
			);
			runOnlyForDeploymentPostprocessing = 0;
		};
/* End PBXSourcesBuildPhase section */

/* Begin PBXVariantGroup section */
		0280FE1C28BCD1E900B6B791 /* Main.storyboard */ = {
			isa = PBXVariantGroup;
			children = (
				0280FE1D28BCD1E900B6B791 /* Base */,
			);
			name = Main.storyboard;
			sourceTree = "<group>";
		};
		0280FE2128BCD1ED00B6B791 /* LaunchScreen.storyboard */ = {
			isa = PBXVariantGroup;
			children = (
				0280FE2228BCD1ED00B6B791 /* Base */,
			);
			name = LaunchScreen.storyboard;
			sourceTree = "<group>";
		};
/* End PBXVariantGroup section */

/* Begin XCBuildConfiguration section */
		0280FE2528BCD1ED00B6B791 /* Debug */ = {
			isa = XCBuildConfiguration;
			buildSettings = {
				ALWAYS_SEARCH_USER_PATHS = NO;
				CLANG_ANALYZER_NONNULL = YES;
				CLANG_ANALYZER_NUMBER_OBJECT_CONVERSION = YES_AGGRESSIVE;
				CLANG_CXX_LANGUAGE_STANDARD = "gnu++17";
				CLANG_ENABLE_MODULES = YES;
				CLANG_ENABLE_OBJC_ARC = YES;
				CLANG_ENABLE_OBJC_WEAK = YES;
				CLANG_WARN_BLOCK_CAPTURE_AUTORELEASING = YES;
				CLANG_WARN_BOOL_CONVERSION = YES;
				CLANG_WARN_COMMA = YES;
				CLANG_WARN_CONSTANT_CONVERSION = YES;
				CLANG_WARN_DEPRECATED_OBJC_IMPLEMENTATIONS = YES;
				CLANG_WARN_DIRECT_OBJC_ISA_USAGE = YES_ERROR;
				CLANG_WARN_DOCUMENTATION_COMMENTS = YES;
				CLANG_WARN_EMPTY_BODY = YES;
				CLANG_WARN_ENUM_CONVERSION = YES;
				CLANG_WARN_INFINITE_RECURSION = YES;
				CLANG_WARN_INT_CONVERSION = YES;
				CLANG_WARN_NON_LITERAL_NULL_CONVERSION = YES;
				CLANG_WARN_OBJC_IMPLICIT_RETAIN_SELF = YES;
				CLANG_WARN_OBJC_LITERAL_CONVERSION = YES;
				CLANG_WARN_OBJC_ROOT_CLASS = YES_ERROR;
				CLANG_WARN_QUOTED_INCLUDE_IN_FRAMEWORK_HEADER = YES;
				CLANG_WARN_RANGE_LOOP_ANALYSIS = YES;
				CLANG_WARN_STRICT_PROTOTYPES = YES;
				CLANG_WARN_SUSPICIOUS_MOVE = YES;
				CLANG_WARN_UNGUARDED_AVAILABILITY = YES_AGGRESSIVE;
				CLANG_WARN_UNREACHABLE_CODE = YES;
				CLANG_WARN__DUPLICATE_METHOD_MATCH = YES;
				COPY_PHASE_STRIP = NO;
				DEBUG_INFORMATION_FORMAT = dwarf;
				ENABLE_STRICT_OBJC_MSGSEND = YES;
				ENABLE_TESTABILITY = YES;
				GCC_C_LANGUAGE_STANDARD = gnu11;
				GCC_DYNAMIC_NO_PIC = NO;
				GCC_NO_COMMON_BLOCKS = YES;
				GCC_OPTIMIZATION_LEVEL = 0;
				GCC_PREPROCESSOR_DEFINITIONS = (
					"DEBUG=1",
					"$(inherited)",
				);
				GCC_WARN_64_TO_32_BIT_CONVERSION = YES;
				GCC_WARN_ABOUT_RETURN_TYPE = YES_ERROR;
				GCC_WARN_UNDECLARED_SELECTOR = YES;
				GCC_WARN_UNINITIALIZED_AUTOS = YES_AGGRESSIVE;
				GCC_WARN_UNUSED_FUNCTION = YES;
				GCC_WARN_UNUSED_VARIABLE = YES;
				IPHONEOS_DEPLOYMENT_TARGET = 15.4;
				MTL_ENABLE_DEBUG_INFO = INCLUDE_SOURCE;
				MTL_FAST_MATH = YES;
				ONLY_ACTIVE_ARCH = YES;
				SDKROOT = iphoneos;
				SWIFT_ACTIVE_COMPILATION_CONDITIONS = DEBUG;
				SWIFT_OPTIMIZATION_LEVEL = "-Onone";
			};
			name = Debug;
		};
		0280FE2628BCD1ED00B6B791 /* Release */ = {
			isa = XCBuildConfiguration;
			buildSettings = {
				ALWAYS_SEARCH_USER_PATHS = NO;
				CLANG_ANALYZER_NONNULL = YES;
				CLANG_ANALYZER_NUMBER_OBJECT_CONVERSION = YES_AGGRESSIVE;
				CLANG_CXX_LANGUAGE_STANDARD = "gnu++17";
				CLANG_ENABLE_MODULES = YES;
				CLANG_ENABLE_OBJC_ARC = YES;
				CLANG_ENABLE_OBJC_WEAK = YES;
				CLANG_WARN_BLOCK_CAPTURE_AUTORELEASING = YES;
				CLANG_WARN_BOOL_CONVERSION = YES;
				CLANG_WARN_COMMA = YES;
				CLANG_WARN_CONSTANT_CONVERSION = YES;
				CLANG_WARN_DEPRECATED_OBJC_IMPLEMENTATIONS = YES;
				CLANG_WARN_DIRECT_OBJC_ISA_USAGE = YES_ERROR;
				CLANG_WARN_DOCUMENTATION_COMMENTS = YES;
				CLANG_WARN_EMPTY_BODY = YES;
				CLANG_WARN_ENUM_CONVERSION = YES;
				CLANG_WARN_INFINITE_RECURSION = YES;
				CLANG_WARN_INT_CONVERSION = YES;
				CLANG_WARN_NON_LITERAL_NULL_CONVERSION = YES;
				CLANG_WARN_OBJC_IMPLICIT_RETAIN_SELF = YES;
				CLANG_WARN_OBJC_LITERAL_CONVERSION = YES;
				CLANG_WARN_OBJC_ROOT_CLASS = YES_ERROR;
				CLANG_WARN_QUOTED_INCLUDE_IN_FRAMEWORK_HEADER = YES;
				CLANG_WARN_RANGE_LOOP_ANALYSIS = YES;
				CLANG_WARN_STRICT_PROTOTYPES = YES;
				CLANG_WARN_SUSPICIOUS_MOVE = YES;
				CLANG_WARN_UNGUARDED_AVAILABILITY = YES_AGGRESSIVE;
				CLANG_WARN_UNREACHABLE_CODE = YES;
				CLANG_WARN__DUPLICATE_METHOD_MATCH = YES;
				COPY_PHASE_STRIP = NO;
				DEBUG_INFORMATION_FORMAT = "dwarf-with-dsym";
				ENABLE_NS_ASSERTIONS = NO;
				ENABLE_STRICT_OBJC_MSGSEND = YES;
				GCC_C_LANGUAGE_STANDARD = gnu11;
				GCC_NO_COMMON_BLOCKS = YES;
				GCC_WARN_64_TO_32_BIT_CONVERSION = YES;
				GCC_WARN_ABOUT_RETURN_TYPE = YES_ERROR;
				GCC_WARN_UNDECLARED_SELECTOR = YES;
				GCC_WARN_UNINITIALIZED_AUTOS = YES_AGGRESSIVE;
				GCC_WARN_UNUSED_FUNCTION = YES;
				GCC_WARN_UNUSED_VARIABLE = YES;
				IPHONEOS_DEPLOYMENT_TARGET = 15.4;
				MTL_ENABLE_DEBUG_INFO = NO;
				MTL_FAST_MATH = YES;
				SDKROOT = iphoneos;
				SWIFT_COMPILATION_MODE = wholemodule;
				SWIFT_OPTIMIZATION_LEVEL = "-O";
				VALIDATE_PRODUCT = YES;
			};
			name = Release;
		};
		0280FE2828BCD1ED00B6B791 /* Debug */ = {
			isa = XCBuildConfiguration;
			buildSettings = {
				ASSETCATALOG_COMPILER_APPICON_NAME = AppIcon;
				ASSETCATALOG_COMPILER_GLOBAL_ACCENT_COLOR_NAME = AccentColor;
				CODE_SIGN_STYLE = Automatic;
				CURRENT_PROJECT_VERSION = 1;
				GENERATE_INFOPLIST_FILE = YES;
				INFOPLIST_FILE = ColorsMultipleSections/Info.plist;
				INFOPLIST_KEY_UIApplicationSupportsIndirectInputEvents = YES;
				INFOPLIST_KEY_UILaunchStoryboardName = LaunchScreen;
				INFOPLIST_KEY_UIMainStoryboardFile = Main;
				INFOPLIST_KEY_UISupportedInterfaceOrientations_iPad = "UIInterfaceOrientationPortrait UIInterfaceOrientationPortraitUpsideDown UIInterfaceOrientationLandscapeLeft UIInterfaceOrientationLandscapeRight";
				INFOPLIST_KEY_UISupportedInterfaceOrientations_iPhone = "UIInterfaceOrientationPortrait UIInterfaceOrientationLandscapeLeft UIInterfaceOrientationLandscapeRight";
				LD_RUNPATH_SEARCH_PATHS = (
					"$(inherited)",
					"@executable_path/Frameworks",
				);
				MARKETING_VERSION = 1.0;
				PRODUCT_BUNDLE_IDENTIFIER = rebel.ColorsMultipleSections;
				PRODUCT_NAME = "$(TARGET_NAME)";
				SWIFT_EMIT_LOC_STRINGS = YES;
				SWIFT_VERSION = 5.0;
				TARGETED_DEVICE_FAMILY = "1,2";
			};
			name = Debug;
		};
		0280FE2928BCD1ED00B6B791 /* Release */ = {
			isa = XCBuildConfiguration;
			buildSettings = {
				ASSETCATALOG_COMPILER_APPICON_NAME = AppIcon;
				ASSETCATALOG_COMPILER_GLOBAL_ACCENT_COLOR_NAME = AccentColor;
				CODE_SIGN_STYLE = Automatic;
				CURRENT_PROJECT_VERSION = 1;
				GENERATE_INFOPLIST_FILE = YES;
				INFOPLIST_FILE = ColorsMultipleSections/Info.plist;
				INFOPLIST_KEY_UIApplicationSupportsIndirectInputEvents = YES;
				INFOPLIST_KEY_UILaunchStoryboardName = LaunchScreen;
				INFOPLIST_KEY_UIMainStoryboardFile = Main;
				INFOPLIST_KEY_UISupportedInterfaceOrientations_iPad = "UIInterfaceOrientationPortrait UIInterfaceOrientationPortraitUpsideDown UIInterfaceOrientationLandscapeLeft UIInterfaceOrientationLandscapeRight";
				INFOPLIST_KEY_UISupportedInterfaceOrientations_iPhone = "UIInterfaceOrientationPortrait UIInterfaceOrientationLandscapeLeft UIInterfaceOrientationLandscapeRight";
				LD_RUNPATH_SEARCH_PATHS = (
					"$(inherited)",
					"@executable_path/Frameworks",
				);
				MARKETING_VERSION = 1.0;
				PRODUCT_BUNDLE_IDENTIFIER = rebel.ColorsMultipleSections;
				PRODUCT_NAME = "$(TARGET_NAME)";
				SWIFT_EMIT_LOC_STRINGS = YES;
				SWIFT_VERSION = 5.0;
				TARGETED_DEVICE_FAMILY = "1,2";
			};
			name = Release;
		};
/* End XCBuildConfiguration section */

/* Begin XCConfigurationList section */
		0280FE0E28BCD1E800B6B791 /* Build configuration list for PBXProject "ColorsMultipleSections" */ = {
			isa = XCConfigurationList;
			buildConfigurations = (
				0280FE2528BCD1ED00B6B791 /* Debug */,
				0280FE2628BCD1ED00B6B791 /* Release */,
			);
			defaultConfigurationIsVisible = 0;
			defaultConfigurationName = Release;
		};
		0280FE2728BCD1ED00B6B791 /* Build configuration list for PBXNativeTarget "ColorsMultipleSections" */ = {
			isa = XCConfigurationList;
			buildConfigurations = (
				0280FE2828BCD1ED00B6B791 /* Debug */,
				0280FE2928BCD1ED00B6B791 /* Release */,
			);
			defaultConfigurationIsVisible = 0;
			defaultConfigurationName = Release;
		};
/* End XCConfigurationList section */
	};
	rootObject = 0280FE0B28BCD1E800B6B791 /* Project object */;
}
